{
  "name": "liveblocks-javascript-demo",
  "version": "1.0.0",
  "lockfileVersion": 3,
  "requires": true,
  "packages": {
    "": {
      "name": "liveblocks-javascript-demo",
      "version": "1.0.0",
      "license": "ISC",
      "dependencies": {
        "@liveblocks/client": "^2.7.2"
      }
    },
    "node_modules/@liveblocks/client": {
      "version": "2.7.2",
      "resolved": "https://registry.npmjs.org/@liveblocks/client/-/client-2.7.2.tgz",
      "integrity": "sha512-oqH7meZzZu+pdBsZqDiTSNrxyxB7GNy/5I2XrPoqgdFKinuh+zAN5hhzr2gxpcqP5fIoIKd18exEsaeYcwLv9Q==",
      "license": "Apache-2.0",
      "dependencies": {
        "@liveblocks/core": "2.7.2"
      }
    },
    "node_modules/@liveblocks/core": {
      "version": "2.7.2",
      "resolved": "https://registry.npmjs.org/@liveblocks/core/-/core-2.7.2.tgz",
      "integrity": "sha512-VzSR1wUTux/zcZnP3/x9W6pAW2KR7Cx3/CLWUveaemFS/yG1dLouD6Lgq1IxYCh8GyGtHj/LJkkjrxui9Vi1Ng==",
      "license": "Apache-2.0"
    }
  }
}
